{
  "requires": true,
  "lockfileVersion": 1,
  "dependencies": {
    "@ionic-native/geolocation": {
      "version": "5.30.0",
      "resolved": "https://registry.npmjs.org/@ionic-native/geolocation/-/geolocation-5.30.0.tgz",
      "integrity": "sha512-4kvs8OCN0AxHX+564FO0/ipnpCl8rQGZhdasEHzd8DXhgMMC1CgqeX/okQFWeudXzXxiyF00+Fh6AWLlQXzn0w==",
      "requires": {
        "@types/cordova": "^0.0.34"
      }
    },
    "@types/cordova": {
      "version": "0.0.34",
      "resolved": "https://registry.npmjs.org/@types/cordova/-/cordova-0.0.34.tgz",
      "integrity": "sha1-6nrd907Ow9dimCegw54smt3HPQQ="

    }
  }
}

