{
  "requires": true,
  "lockfileVersion": 1,
  "dependencies": {
<<<<<<< HEAD
    "@ionic-native/geolocation": {
      "version": "5.30.0",
      "resolved": "https://registry.npmjs.org/@ionic-native/geolocation/-/geolocation-5.30.0.tgz",
      "integrity": "sha512-4kvs8OCN0AxHX+564FO0/ipnpCl8rQGZhdasEHzd8DXhgMMC1CgqeX/okQFWeudXzXxiyF00+Fh6AWLlQXzn0w==",
      "requires": {
        "@types/cordova": "^0.0.34"
      }
    },
    "@types/cordova": {
      "version": "0.0.34",
      "resolved": "https://registry.npmjs.org/@types/cordova/-/cordova-0.0.34.tgz",
      "integrity": "sha1-6nrd907Ow9dimCegw54smt3HPQQ="
=======
    "@ionic/storage": {
      "version": "2.3.1",
      "resolved": "https://registry.npmjs.org/@ionic/storage/-/storage-2.3.1.tgz",
      "integrity": "sha512-IdYKr6xRatumkhceVbjmySCrA20KKcojQN0MyS857D4OgvcDtQhG9mvTXtfX/tU2hxaFlN6WkUaQOy3oPFcJvA==",
      "requires": {
        "localforage": "1.7.1",
        "localforage-cordovasqlitedriver": "1.7.0",
        "tslib": "^1.10.0"
      }
    },
    "immediate": {
      "version": "3.0.6",
      "resolved": "https://registry.npmjs.org/immediate/-/immediate-3.0.6.tgz",
      "integrity": "sha1-nbHb0Pr43m++D13V5Wu2BigN5ps="
    },
    "lie": {
      "version": "3.1.1",
      "resolved": "https://registry.npmjs.org/lie/-/lie-3.1.1.tgz",
      "integrity": "sha1-mkNrLMd0bKWd56QfpGmz77dr2H4=",
      "requires": {
        "immediate": "~3.0.5"
      }
    },
    "localforage": {
      "version": "1.7.1",
      "resolved": "https://registry.npmjs.org/localforage/-/localforage-1.7.1.tgz",
      "integrity": "sha1-5JJ+BCMCuGTbMPMhHxO1xvDell0=",
      "requires": {
        "lie": "3.1.1"
      }
    },
    "localforage-cordovasqlitedriver": {
      "version": "1.7.0",
      "resolved": "https://registry.npmjs.org/localforage-cordovasqlitedriver/-/localforage-cordovasqlitedriver-1.7.0.tgz",
      "integrity": "sha1-i5OVd1nuaI06WNW6fAR39sy1ODg=",
      "requires": {
        "localforage": ">=1.5.0"
      }
    },
    "tslib": {
      "version": "1.14.1",
      "resolved": "https://registry.npmjs.org/tslib/-/tslib-1.14.1.tgz",
      "integrity": "sha512-Xni35NKzjgMrwevysHTCArtLDpPvye8zV/0E4EyYn43P7/7qvQwPh9BGkHewbMulVntbigmcT7rdX3BNo9wRJg=="
>>>>>>> origin/teste
    }
  }
}
